
Microsoft Visual Studio Solution File, Format Version 12.00
# Visual Studio Version 16
VisualStudioVersion = 16.0.30804.86
MinimumVisualStudioVersion = 10.0.40219.1
Project("{FAE04EC0-301F-11D3-BF4B-00C04F79EFBC}") = "ConsoleApp1", "ConsoleApp1\ConsoleApp1.csproj", "{2CBB60BC-F90F-4DAB-8F64-EEF76EC84E3E}"
EndProject
Global
	GlobalSection(SolutionConfigurationPlatforms) = preSolution
		Debug|Any CPU = Debug|Any CPU
		Release|Any CPU = Release|Any CPU
	EndGlobalSection
	GlobalSection(ProjectConfigurationPlatforms) = postSolution
		{2CBB60BC-F90F-4DAB-8F64-EEF76EC84E3E}.Debug|Any CPU.ActiveCfg = Debug|Any CPU
		{2CBB60BC-F90F-4DAB-8F64-EEF76EC84E3E}.Debug|Any CPU.Build.0 = Debug|Any CPU
		{2CBB60BC-F90F-4DAB-8F64-EEF76EC84E3E}.Release|Any CPU.ActiveCfg = Release|Any CPU
		{2CBB60BC-F90F-4DAB-8F64-EEF76EC84E3E}.Release|Any CPU.Build.0 = Release|Any CPU
	EndGlobalSection
	GlobalSection(SolutionProperties) = preSolution
		HideSolutionNode = FALSE
	EndGlobalSection
	GlobalSection(ExtensibilityGlobals) = postSolution
		SolutionGuid = {F4B9EA32-DDC8-4616-9D51-C65EF7BBED17}
	EndGlobalSection
EndGlobal
